// !$*UTF8*$!
{
	archiveVersion = 1;
	classes = {
	};
	objectVersion = 50;
	objects = {

/* Begin PBXBuildFile section */
		626C42722564877900D68F4E /* Tests_iOS.swift in Sources */ = {isa = PBXBuildFile; fileRef = 626C42712564877900D68F4E /* Tests_iOS.swift */; };
		626C427D2564877900D68F4E /* Tests_macOS.swift in Sources */ = {isa = PBXBuildFile; fileRef = 626C427C2564877900D68F4E /* Tests_macOS.swift */; };
		626C427F2564877900D68F4E /* testeApp.swift in Sources */ = {isa = PBXBuildFile; fileRef = 626C42562564877700D68F4E /* testeApp.swift */; };
		626C42802564877900D68F4E /* testeApp.swift in Sources */ = {isa = PBXBuildFile; fileRef = 626C42562564877700D68F4E /* testeApp.swift */; };
		626C42812564877900D68F4E /* ContentView.swift in Sources */ = {isa = PBXBuildFile; fileRef = 626C42572564877700D68F4E /* ContentView.swift */; };
		626C42822564877900D68F4E /* ContentView.swift in Sources */ = {isa = PBXBuildFile; fileRef = 626C42572564877700D68F4E /* ContentView.swift */; };
		626C42832564877900D68F4E /* Assets.xcassets in Resources */ = {isa = PBXBuildFile; fileRef = 626C42582564877900D68F4E /* Assets.xcassets */; };
		626C42842564877900D68F4E /* Assets.xcassets in Resources */ = {isa = PBXBuildFile; fileRef = 626C42582564877900D68F4E /* Assets.xcassets */; };
/* End PBXBuildFile section */

/* Begin PBXContainerItemProxy section */
		626C426E2564877900D68F4E /* PBXContainerItemProxy */ = {
			isa = PBXContainerItemProxy;
			containerPortal = 626C42512564877600D68F4E /* Project object */;
			proxyType = 1;
			remoteGlobalIDString = 626C425C2564877900D68F4E;
			remoteInfo = "teste (iOS)";
		};
		626C42792564877900D68F4E /* PBXContainerItemProxy */ = {
			isa = PBXContainerItemProxy;
			containerPortal = 626C42512564877600D68F4E /* Project object */;
			proxyType = 1;
			remoteGlobalIDString = 626C42642564877900D68F4E;
			remoteInfo = "teste (macOS)";
		};
/* End PBXContainerItemProxy section */

/* Begin PBXFileReference section */
		626C42562564877700D68F4E /* testeApp.swift */ = {isa = PBXFileReference; lastKnownFileType = sourcecode.swift; path = testeApp.swift; sourceTree = "<group>"; };
		626C42572564877700D68F4E /* ContentView.swift */ = {isa = PBXFileReference; lastKnownFileType = sourcecode.swift; path = ContentView.swift; sourceTree = "<group>"; };
		626C42582564877900D68F4E /* Assets.xcassets */ = {isa = PBXFileReference; lastKnownFileType = folder.assetcatalog; path = Assets.xcassets; sourceTree = "<group>"; };
		626C425D2564877900D68F4E /* teste.app */ = {isa = PBXFileReference; explicitFileType = wrapper.application; includeInIndex = 0; path = teste.app; sourceTree = BUILT_PRODUCTS_DIR; };
		626C42602564877900D68F4E /* Info.plist */ = {isa = PBXFileReference; lastKnownFileType = text.plist.xml; path = Info.plist; sourceTree = "<group>"; };
		626C42652564877900D68F4E /* teste.app */ = {isa = PBXFileReference; explicitFileType = wrapper.application; includeInIndex = 0; path = teste.app; sourceTree = BUILT_PRODUCTS_DIR; };
		626C42672564877900D68F4E /* Info.plist */ = {isa = PBXFileReference; lastKnownFileType = text.plist.xml; path = Info.plist; sourceTree = "<group>"; };
		626C42682564877900D68F4E /* macOS.entitlements */ = {isa = PBXFileReference; lastKnownFileType = text.plist.entitlements; path = macOS.entitlements; sourceTree = "<group>"; };
		626C426D2564877900D68F4E /* Tests iOS.xctest */ = {isa = PBXFileReference; explicitFileType = wrapper.cfbundle; includeInIndex = 0; path = "Tests iOS.xctest"; sourceTree = BUILT_PRODUCTS_DIR; };
		626C42712564877900D68F4E /* Tests_iOS.swift */ = {isa = PBXFileReference; lastKnownFileType = sourcecode.swift; path = Tests_iOS.swift; sourceTree = "<group>"; };
		626C42732564877900D68F4E /* Info.plist */ = {isa = PBXFileReference; lastKnownFileType = text.plist.xml; path = Info.plist; sourceTree = "<group>"; };
		626C42782564877900D68F4E /* Tests macOS.xctest */ = {isa = PBXFileReference; explicitFileType = wrapper.cfbundle; includeInIndex = 0; path = "Tests macOS.xctest"; sourceTree = BUILT_PRODUCTS_DIR; };
		626C427C2564877900D68F4E /* Tests_macOS.swift */ = {isa = PBXFileReference; lastKnownFileType = sourcecode.swift; path = Tests_macOS.swift; sourceTree = "<group>"; };
		626C427E2564877900D68F4E /* Info.plist */ = {isa = PBXFileReference; lastKnownFileType = text.plist.xml; path = Info.plist; sourceTree = "<group>"; };
/* End PBXFileReference section */

/* Begin PBXFrameworksBuildPhase section */
		626C425A2564877900D68F4E /* Frameworks */ = {
			isa = PBXFrameworksBuildPhase;
			buildActionMask = 2147483647;
			files = (
			);
			runOnlyForDeploymentPostprocessing = 0;
		};
		626C42622564877900D68F4E /* Frameworks */ = {
			isa = PBXFrameworksBuildPhase;
			buildActionMask = 2147483647;
			files = (
			);
			runOnlyForDeploymentPostprocessing = 0;
		};
		626C426A2564877900D68F4E /* Frameworks */ = {
			isa = PBXFrameworksBuildPhase;
			buildActionMask = 2147483647;
			files = (
			);
			runOnlyForDeploymentPostprocessing = 0;
		};
		626C42752564877900D68F4E /* Frameworks */ = {
			isa = PBXFrameworksBuildPhase;
			buildActionMask = 2147483647;
			files = (
			);
			runOnlyForDeploymentPostprocessing = 0;
		};
/* End PBXFrameworksBuildPhase section */

/* Begin PBXGroup section */
		626C42502564877600D68F4E = {
			isa = PBXGroup;
			children = (
				626C42552564877600D68F4E /* Shared */,
				626C425F2564877900D68F4E /* iOS */,
				626C42662564877900D68F4E /* macOS */,
				626C42702564877900D68F4E /* Tests iOS */,
				626C427B2564877900D68F4E /* Tests macOS */,
				626C425E2564877900D68F4E /* Products */,
			);
			sourceTree = "<group>";
		};
		626C42552564877600D68F4E /* Shared */ = {
			isa = PBXGroup;
			children = (
				626C42562564877700D68F4E /* testeApp.swift */,
				626C42572564877700D68F4E /* ContentView.swift */,
				626C42582564877900D68F4E /* Assets.xcassets */,
			);
			path = Shared;
			sourceTree = "<group>";
		};
		626C425E2564877900D68F4E /* Products */ = {
			isa = PBXGroup;
			children = (
				626C425D2564877900D68F4E /* teste.app */,
				626C42652564877900D68F4E /* teste.app */,
				626C426D2564877900D68F4E /* Tests iOS.xctest */,
				626C42782564877900D68F4E /* Tests macOS.xctest */,
			);
			name = Products;
			sourceTree = "<group>";
		};
		626C425F2564877900D68F4E /* iOS */ = {
			isa = PBXGroup;
			children = (
				626C42602564877900D68F4E /* Info.plist */,
			);
			path = iOS;
			sourceTree = "<group>";
		};
		626C42662564877900D68F4E /* macOS */ = {
			isa = PBXGroup;
			children = (
				626C42672564877900D68F4E /* Info.plist */,
				626C42682564877900D68F4E /* macOS.entitlements */,
			);
			path = macOS;
			sourceTree = "<group>";
		};
		626C42702564877900D68F4E /* Tests iOS */ = {
			isa = PBXGroup;
			children = (
				626C42712564877900D68F4E /* Tests_iOS.swift */,
				626C42732564877900D68F4E /* Info.plist */,
			);
			path = "Tests iOS";
			sourceTree = "<group>";
		};
		626C427B2564877900D68F4E /* Tests macOS */ = {
			isa = PBXGroup;
			children = (
				626C427C2564877900D68F4E /* Tests_macOS.swift */,
				626C427E2564877900D68F4E /* Info.plist */,
			);
			path = "Tests macOS";
			sourceTree = "<group>";
		};
/* End PBXGroup section */

/* Begin PBXNativeTarget section */
		626C425C2564877900D68F4E /* teste (iOS) */ = {
			isa = PBXNativeTarget;
			buildConfigurationList = 626C42872564877900D68F4E /* Build configuration list for PBXNativeTarget "teste (iOS)" */;
			buildPhases = (
				626C42592564877900D68F4E /* Sources */,
				626C425A2564877900D68F4E /* Frameworks */,
				626C425B2564877900D68F4E /* Resources */,
			);
			buildRules = (
			);
			dependencies = (
			);
			name = "teste (iOS)";
			productName = "teste (iOS)";
			productReference = 626C425D2564877900D68F4E /* teste.app */;
			productType = "com.apple.product-type.application";
		};
		626C42642564877900D68F4E /* teste (macOS) */ = {
			isa = PBXNativeTarget;
			buildConfigurationList = 626C428A2564877900D68F4E /* Build configuration list for PBXNativeTarget "teste (macOS)" */;
			buildPhases = (
				626C42612564877900D68F4E /* Sources */,
				626C42622564877900D68F4E /* Frameworks */,
				626C42632564877900D68F4E /* Resources */,
			);
			buildRules = (
			);
			dependencies = (
			);
			name = "teste (macOS)";
			productName = "teste (macOS)";
			productReference = 626C42652564877900D68F4E /* teste.app */;
			productType = "com.apple.product-type.application";
		};
		626C426C2564877900D68F4E /* Tests iOS */ = {
			isa = PBXNativeTarget;
			buildConfigurationList = 626C428D2564877900D68F4E /* Build configuration list for PBXNativeTarget "Tests iOS" */;
			buildPhases = (
				626C42692564877900D68F4E /* Sources */,
				626C426A2564877900D68F4E /* Frameworks */,
				626C426B2564877900D68F4E /* Resources */,
			);
			buildRules = (
			);
			dependencies = (
				626C426F2564877900D68F4E /* PBXTargetDependency */,
			);
			name = "Tests iOS";
			productName = "Tests iOS";
			productReference = 626C426D2564877900D68F4E /* Tests iOS.xctest */;
			productType = "com.apple.product-type.bundle.ui-testing";
		};
		626C42772564877900D68F4E /* Tests macOS */ = {
			isa = PBXNativeTarget;
			buildConfigurationList = 626C42902564877900D68F4E /* Build configuration list for PBXNativeTarget "Tests macOS" */;
			buildPhases = (
				626C42742564877900D68F4E /* Sources */,
				626C42752564877900D68F4E /* Frameworks */,
				626C42762564877900D68F4E /* Resources */,
			);
			buildRules = (
			);
			dependencies = (
				626C427A2564877900D68F4E /* PBXTargetDependency */,
			);
			name = "Tests macOS";
			productName = "Tests macOS";
			productReference = 626C42782564877900D68F4E /* Tests macOS.xctest */;
			productType = "com.apple.product-type.bundle.ui-testing";
		};
/* End PBXNativeTarget section */

/* Begin PBXProject section */
		626C42512564877600D68F4E /* Project object */ = {
			isa = PBXProject;
			attributes = {
				LastSwiftUpdateCheck = 1220;
				LastUpgradeCheck = 1220;
				TargetAttributes = {
					626C425C2564877900D68F4E = {
						CreatedOnToolsVersion = 12.2;
					};
					626C42642564877900D68F4E = {
						CreatedOnToolsVersion = 12.2;
					};
					626C426C2564877900D68F4E = {
						CreatedOnToolsVersion = 12.2;
						TestTargetID = 626C425C2564877900D68F4E;
					};
					626C42772564877900D68F4E = {
						CreatedOnToolsVersion = 12.2;
						TestTargetID = 626C42642564877900D68F4E;
					};
				};
			};
			buildConfigurationList = 626C42542564877600D68F4E /* Build configuration list for PBXProject "teste" */;
			compatibilityVersion = "Xcode 9.3";
			developmentRegion = en;
			hasScannedForEncodings = 0;
			knownRegions = (
				en,
				Base,
			);
			mainGroup = 626C42502564877600D68F4E;
			productRefGroup = 626C425E2564877900D68F4E /* Products */;
			projectDirPath = "";
			projectRoot = "";
			targets = (
				626C425C2564877900D68F4E /* teste (iOS) */,
				626C42642564877900D68F4E /* teste (macOS) */,
				626C426C2564877900D68F4E /* Tests iOS */,
				626C42772564877900D68F4E /* Tests macOS */,
			);
		};
/* End PBXProject section */

/* Begin PBXResourcesBuildPhase section */
		626C425B2564877900D68F4E /* Resources */ = {
			isa = PBXResourcesBuildPhase;
			buildActionMask = 2147483647;
			files = (
				626C42832564877900D68F4E /* Assets.xcassets in Resources */,
			);
			runOnlyForDeploymentPostprocessing = 0;
		};
		626C42632564877900D68F4E /* Resources */ = {
			isa = PBXResourcesBuildPhase;
			buildActionMask = 2147483647;
			files = (
				626C42842564877900D68F4E /* Assets.xcassets in Resources */,
			);
			runOnlyForDeploymentPostprocessing = 0;
		};
		626C426B2564877900D68F4E /* Resources */ = {
			isa = PBXResourcesBuildPhase;
			buildActionMask = 2147483647;
			files = (
			);
			runOnlyForDeploymentPostprocessing = 0;
		};
		626C42762564877900D68F4E /* Resources */ = {
			isa = PBXResourcesBuildPhase;
			buildActionMask = 2147483647;
			files = (
			);
			runOnlyForDeploymentPostprocessing = 0;
		};
/* End PBXResourcesBuildPhase section */

/* Begin PBXSourcesBuildPhase section */
		626C42592564877900D68F4E /* Sources */ = {
			isa = PBXSourcesBuildPhase;
			buildActionMask = 2147483647;
			files = (
				626C42812564877900D68F4E /* ContentView.swift in Sources */,
				626C427F2564877900D68F4E /* testeApp.swift in Sources */,
			);
			runOnlyForDeploymentPostprocessing = 0;
		};
		626C42612564877900D68F4E /* Sources */ = {
			isa = PBXSourcesBuildPhase;
			buildActionMask = 2147483647;
			files = (
				626C42822564877900D68F4E /* ContentView.swift in Sources */,
				626C42802564877900D68F4E /* testeApp.swift in Sources */,
			);
			runOnlyForDeploymentPostprocessing = 0;
		};
		626C42692564877900D68F4E /* Sources */ = {
			isa = PBXSourcesBuildPhase;
			buildActionMask = 2147483647;
			files = (
				626C42722564877900D68F4E /* Tests_iOS.swift in Sources */,
			);
			runOnlyForDeploymentPostprocessing = 0;
		};
		626C42742564877900D68F4E /* Sources */ = {
			isa = PBXSourcesBuildPhase;
			buildActionMask = 2147483647;
			files = (
				626C427D2564877900D68F4E /* Tests_macOS.swift in Sources */,
			);
			runOnlyForDeploymentPostprocessing = 0;
		};
/* End PBXSourcesBuildPhase section */

/* Begin PBXTargetDependency section */
		626C426F2564877900D68F4E /* PBXTargetDependency */ = {
			isa = PBXTargetDependency;
			target = 626C425C2564877900D68F4E /* teste (iOS) */;
			targetProxy = 626C426E2564877900D68F4E /* PBXContainerItemProxy */;
		};
		626C427A2564877900D68F4E /* PBXTargetDependency */ = {
			isa = PBXTargetDependency;
			target = 626C42642564877900D68F4E /* teste (macOS) */;
			targetProxy = 626C42792564877900D68F4E /* PBXContainerItemProxy */;
		};
/* End PBXTargetDependency section */

/* Begin XCBuildConfiguration section */
		626C42852564877900D68F4E /* Debug */ = {
			isa = XCBuildConfiguration;
			buildSettings = {
				ALWAYS_SEARCH_USER_PATHS = NO;
				CLANG_ANALYZER_NONNULL = YES;
				CLANG_ANALYZER_NUMBER_OBJECT_CONVERSION = YES_AGGRESSIVE;
				CLANG_CXX_LANGUAGE_STANDARD = "gnu++14";
				CLANG_CXX_LIBRARY = "libc++";
				CLANG_ENABLE_MODULES = YES;
				CLANG_ENABLE_OBJC_ARC = YES;
				CLANG_ENABLE_OBJC_WEAK = YES;
				CLANG_WARN_BLOCK_CAPTURE_AUTORELEASING = YES;
				CLANG_WARN_BOOL_CONVERSION = YES;
				CLANG_WARN_COMMA = YES;
				CLANG_WARN_CONSTANT_CONVERSION = YES;
				CLANG_WARN_DEPRECATED_OBJC_IMPLEMENTATIONS = YES;
				CLANG_WARN_DIRECT_OBJC_ISA_USAGE = YES_ERROR;
				CLANG_WARN_DOCUMENTATION_COMMENTS = YES;
				CLANG_WARN_EMPTY_BODY = YES;
				CLANG_WARN_ENUM_CONVERSION = YES;
				CLANG_WARN_INFINITE_RECURSION = YES;
				CLANG_WARN_INT_CONVERSION = YES;
				CLANG_WARN_NON_LITERAL_NULL_CONVERSION = YES;
				CLANG_WARN_OBJC_IMPLICIT_RETAIN_SELF = YES;
				CLANG_WARN_OBJC_LITERAL_CONVERSION = YES;
				CLANG_WARN_OBJC_ROOT_CLASS = YES_ERROR;
				CLANG_WARN_QUOTED_INCLUDE_IN_FRAMEWORK_HEADER = YES;
				CLANG_WARN_RANGE_LOOP_ANALYSIS = YES;
				CLANG_WARN_STRICT_PROTOTYPES = YES;
				CLANG_WARN_SUSPICIOUS_MOVE = YES;
				CLANG_WARN_UNGUARDED_AVAILABILITY = YES_AGGRESSIVE;
				CLANG_WARN_UNREACHABLE_CODE = YES;
				CLANG_WARN__DUPLICATE_METHOD_MATCH = YES;
				COPY_PHASE_STRIP = NO;
				DEBUG_INFORMATION_FORMAT = dwarf;
				ENABLE_STRICT_OBJC_MSGSEND = YES;
				ENABLE_TESTABILITY = YES;
				GCC_C_LANGUAGE_STANDARD = gnu11;
				GCC_DYNAMIC_NO_PIC = NO;
				GCC_NO_COMMON_BLOCKS = YES;
				GCC_OPTIMIZATION_LEVEL = 0;
				GCC_PREPROCESSOR_DEFINITIONS = (
					"DEBUG=1",
					"$(inherited)",
				);
				GCC_WARN_64_TO_32_BIT_CONVERSION = YES;
				GCC_WARN_ABOUT_RETURN_TYPE = YES_ERROR;
				GCC_WARN_UNDECLARED_SELECTOR = YES;
				GCC_WARN_UNINITIALIZED_AUTOS = YES_AGGRESSIVE;
				GCC_WARN_UNUSED_FUNCTION = YES;
				GCC_WARN_UNUSED_VARIABLE = YES;
				MTL_ENABLE_DEBUG_INFO = INCLUDE_SOURCE;
				MTL_FAST_MATH = YES;
				ONLY_ACTIVE_ARCH = YES;
				SWIFT_ACTIVE_COMPILATION_CONDITIONS = DEBUG;
				SWIFT_OPTIMIZATION_LEVEL = "-Onone";
			};
			name = Debug;
		};
		626C42862564877900D68F4E /* Release */ = {
			isa = XCBuildConfiguration;
			buildSettings = {
				ALWAYS_SEARCH_USER_PATHS = NO;
				CLANG_ANALYZER_NONNULL = YES;
				CLANG_ANALYZER_NUMBER_OBJECT_CONVERSION = YES_AGGRESSIVE;
				CLANG_CXX_LANGUAGE_STANDARD = "gnu++14";
				CLANG_CXX_LIBRARY = "libc++";
				CLANG_ENABLE_MODULES = YES;
				CLANG_ENABLE_OBJC_ARC = YES;
				CLANG_ENABLE_OBJC_WEAK = YES;
				CLANG_WARN_BLOCK_CAPTURE_AUTORELEASING = YES;
				CLANG_WARN_BOOL_CONVERSION = YES;
				CLANG_WARN_COMMA = YES;
				CLANG_WARN_CONSTANT_CONVERSION = YES;
				CLANG_WARN_DEPRECATED_OBJC_IMPLEMENTATIONS = YES;
				CLANG_WARN_DIRECT_OBJC_ISA_USAGE = YES_ERROR;
				CLANG_WARN_DOCUMENTATION_COMMENTS = YES;
				CLANG_WARN_EMPTY_BODY = YES;
				CLANG_WARN_ENUM_CONVERSION = YES;
				CLANG_WARN_INFINITE_RECURSION = YES;
				CLANG_WARN_INT_CONVERSION = YES;
				CLANG_WARN_NON_LITERAL_NULL_CONVERSION = YES;
				CLANG_WARN_OBJC_IMPLICIT_RETAIN_SELF = YES;
				CLANG_WARN_OBJC_LITERAL_CONVERSION = YES;
				CLANG_WARN_OBJC_ROOT_CLASS = YES_ERROR;
				CLANG_WARN_QUOTED_INCLUDE_IN_FRAMEWORK_HEADER = YES;
				CLANG_WARN_RANGE_LOOP_ANALYSIS = YES;
				CLANG_WARN_STRICT_PROTOTYPES = YES;
				CLANG_WARN_SUSPICIOUS_MOVE = YES;
				CLANG_WARN_UNGUARDED_AVAILABILITY = YES_AGGRESSIVE;
				CLANG_WARN_UNREACHABLE_CODE = YES;
				CLANG_WARN__DUPLICATE_METHOD_MATCH = YES;
				COPY_PHASE_STRIP = NO;
				DEBUG_INFORMATION_FORMAT = "dwarf-with-dsym";
				ENABLE_NS_ASSERTIONS = NO;
				ENABLE_STRICT_OBJC_MSGSEND = YES;
				GCC_C_LANGUAGE_STANDARD = gnu11;
				GCC_NO_COMMON_BLOCKS = YES;
				GCC_WARN_64_TO_32_BIT_CONVERSION = YES;
				GCC_WARN_ABOUT_RETURN_TYPE = YES_ERROR;
				GCC_WARN_UNDECLARED_SELECTOR = YES;
				GCC_WARN_UNINITIALIZED_AUTOS = YES_AGGRESSIVE;
				GCC_WARN_UNUSED_FUNCTION = YES;
				GCC_WARN_UNUSED_VARIABLE = YES;
				MTL_ENABLE_DEBUG_INFO = NO;
				MTL_FAST_MATH = YES;
				SWIFT_COMPILATION_MODE = wholemodule;
				SWIFT_OPTIMIZATION_LEVEL = "-O";
			};
			name = Release;
		};
		626C42882564877900D68F4E /* Debug */ = {
			isa = XCBuildConfiguration;
			buildSettings = {
				ASSETCATALOG_COMPILER_APPICON_NAME = AppIcon;
				ASSETCATALOG_COMPILER_GLOBAL_ACCENT_COLOR_NAME = AccentColor;
				CODE_SIGN_STYLE = Automatic;
				DEVELOPMENT_TEAM = R5YRAZCNY2;
				ENABLE_PREVIEWS = YES;
				INFOPLIST_FILE = iOS/Info.plist;
				IPHONEOS_DEPLOYMENT_TARGET = 14.0;
				LD_RUNPATH_SEARCH_PATHS = (
					"$(inherited)",
					"@executable_path/Frameworks",
				);
				PRODUCT_BUNDLE_IDENTIFIER = juniorstaudt.com.br.teste;
				PRODUCT_NAME = teste;
				SDKROOT = iphoneos;
				SWIFT_VERSION = 5.0;
				TARGETED_DEVICE_FAMILY = "1,2";
			};
			name = Debug;
		};
		626C42892564877900D68F4E /* Release */ = {
			isa = XCBuildConfiguration;
			buildSettings = {
				ASSETCATALOG_COMPILER_APPICON_NAME = AppIcon;
				ASSETCATALOG_COMPILER_GLOBAL_ACCENT_COLOR_NAME = AccentColor;
				CODE_SIGN_STYLE = Automatic;
				DEVELOPMENT_TEAM = R5YRAZCNY2;
				ENABLE_PREVIEWS = YES;
				INFOPLIST_FILE = iOS/Info.plist;
				IPHONEOS_DEPLOYMENT_TARGET = 14.0;
				LD_RUNPATH_SEARCH_PATHS = (
					"$(inherited)",
					"@executable_path/Frameworks",
				);
				PRODUCT_BUNDLE_IDENTIFIER = juniorstaudt.com.br.teste;
				PRODUCT_NAME = teste;
				SDKROOT = iphoneos;
				SWIFT_VERSION = 5.0;
				TARGETED_DEVICE_FAMILY = "1,2";
				VALIDATE_PRODUCT = YES;
			};
			name = Release;
		};
		626C428B2564877900D68F4E /* Debug */ = {
			isa = XCBuildConfiguration;
			buildSettings = {
				ASSETCATALOG_COMPILER_APPICON_NAME = AppIcon;
				ASSETCATALOG_COMPILER_GLOBAL_ACCENT_COLOR_NAME = AccentColor;
				CODE_SIGN_ENTITLEMENTS = macOS/macOS.entitlements;
				CODE_SIGN_STYLE = Automatic;
				COMBINE_HIDPI_IMAGES = YES;
				DEVELOPMENT_TEAM = R5YRAZCNY2;
				ENABLE_HARDENED_RUNTIME = YES;
				ENABLE_PREVIEWS = YES;
				INFOPLIST_FILE = macOS/Info.plist;
				LD_RUNPATH_SEARCH_PATHS = (
					"$(inherited)",
					"@executable_path/../Frameworks",
				);
				MACOSX_DEPLOYMENT_TARGET = 11.0;
				PRODUCT_BUNDLE_IDENTIFIER = juniorstaudt.com.br.teste;
				PRODUCT_NAME = teste;
				SDKROOT = macosx;
				SWIFT_VERSION = 5.0;
			};
			name = Debug;
		};
		626C428C2564877900D68F4E /* Release */ = {
			isa = XCBuildConfiguration;
			buildSettings = {
				ASSETCATALOG_COMPILER_APPICON_NAME = AppIcon;
				ASSETCATALOG_COMPILER_GLOBAL_ACCENT_COLOR_NAME = AccentColor;
				CODE_SIGN_ENTITLEMENTS = macOS/macOS.entitlements;
				CODE_SIGN_STYLE = Automatic;
				COMBINE_HIDPI_IMAGES = YES;
				DEVELOPMENT_TEAM = R5YRAZCNY2;
				ENABLE_HARDENED_RUNTIME = YES;
				ENABLE_PREVIEWS = YES;
				INFOPLIST_FILE = macOS/Info.plist;
				LD_RUNPATH_SEARCH_PATHS = (
					"$(inherited)",
					"@executable_path/../Frameworks",
				);
				MACOSX_DEPLOYMENT_TARGET = 11.0;
				PRODUCT_BUNDLE_IDENTIFIER = juniorstaudt.com.br.teste;
				PRODUCT_NAME = teste;
				SDKROOT = macosx;
				SWIFT_VERSION = 5.0;
			};
			name = Release;
		};
		626C428E2564877900D68F4E /* Debug */ = {
			isa = XCBuildConfiguration;
			buildSettings = {
				ALWAYS_EMBED_SWIFT_STANDARD_LIBRARIES = YES;
				CODE_SIGN_STYLE = Automatic;
				DEVELOPMENT_TEAM = R5YRAZCNY2;
				INFOPLIST_FILE = "Tests iOS/Info.plist";
				IPHONEOS_DEPLOYMENT_TARGET = 14.2;
				LD_RUNPATH_SEARCH_PATHS = (
					"$(inherited)",
					"@executable_path/Frameworks",
					"@loader_path/Frameworks",
				);
				PRODUCT_BUNDLE_IDENTIFIER = "juniorstaudt.com.br.Tests-iOS";
				PRODUCT_NAME = "$(TARGET_NAME)";
				SDKROOT = iphoneos;
				SWIFT_VERSION = 5.0;
				TARGETED_DEVICE_FAMILY = "1,2";
				TEST_TARGET_NAME = "teste (iOS)";
			};
			name = Debug;
		};
		626C428F2564877900D68F4E /* Release */ = {
			isa = XCBuildConfiguration;
			buildSettings = {
				ALWAYS_EMBED_SWIFT_STANDARD_LIBRARIES = YES;
				CODE_SIGN_STYLE = Automatic;
				DEVELOPMENT_TEAM = R5YRAZCNY2;
				INFOPLIST_FILE = "Tests iOS/Info.plist";
				IPHONEOS_DEPLOYMENT_TARGET = 14.2;
				LD_RUNPATH_SEARCH_PATHS = (
					"$(inherited)",
					"@executable_path/Frameworks",
					"@loader_path/Frameworks",
				);
				PRODUCT_BUNDLE_IDENTIFIER = "juniorstaudt.com.br.Tests-iOS";
				PRODUCT_NAME = "$(TARGET_NAME)";
				SDKROOT = iphoneos;
				SWIFT_VERSION = 5.0;
				TARGETED_DEVICE_FAMILY = "1,2";
				TEST_TARGET_NAME = "teste (iOS)";
				VALIDATE_PRODUCT = YES;
			};
			name = Release;
		};
		626C42912564877900D68F4E /* Debug */ = {
			isa = XCBuildConfiguration;
			buildSettings = {
				ALWAYS_EMBED_SWIFT_STANDARD_LIBRARIES = YES;
				CODE_SIGN_STYLE = Automatic;
				COMBINE_HIDPI_IMAGES = YES;
				DEVELOPMENT_TEAM = R5YRAZCNY2;
				INFOPLIST_FILE = "Tests macOS/Info.plist";
				LD_RUNPATH_SEARCH_PATHS = (
					"$(inherited)",
					"@executable_path/../Frameworks",
					"@loader_path/../Frameworks",
				);
				MACOSX_DEPLOYMENT_TARGET = 11.0;
				PRODUCT_BUNDLE_IDENTIFIER = "juniorstaudt.com.br.Tests-macOS";
				PRODUCT_NAME = "$(TARGET_NAME)";
				SDKROOT = macosx;
				SWIFT_VERSION = 5.0;
				TEST_TARGET_NAME = "teste (macOS)";
			};
			name = Debug;
		};
		626C42922564877900D68F4E /* Release */ = {
			isa = XCBuildConfiguration;
			buildSettings = {
				ALWAYS_EMBED_SWIFT_STANDARD_LIBRARIES = YES;
				CODE_SIGN_STYLE = Automatic;
				COMBINE_HIDPI_IMAGES = YES;
				DEVELOPMENT_TEAM = R5YRAZCNY2;
				INFOPLIST_FILE = "Tests macOS/Info.plist";
				LD_RUNPATH_SEARCH_PATHS = (
					"$(inherited)",
					"@executable_path/../Frameworks",
					"@loader_path/../Frameworks",
				);
				MACOSX_DEPLOYMENT_TARGET = 11.0;
				PRODUCT_BUNDLE_IDENTIFIER = "juniorstaudt.com.br.Tests-macOS";
				PRODUCT_NAME = "$(TARGET_NAME)";
				SDKROOT = macosx;
				SWIFT_VERSION = 5.0;
				TEST_TARGET_NAME = "teste (macOS)";
			};
			name = Release;
		};
/* End XCBuildConfiguration section */

/* Begin XCConfigurationList section */
		626C42542564877600D68F4E /* Build configuration list for PBXProject "teste" */ = {
			isa = XCConfigurationList;
			buildConfigurations = (
				626C42852564877900D68F4E /* Debug */,
				626C42862564877900D68F4E /* Release */,
			);
			defaultConfigurationIsVisible = 0;
			defaultConfigurationName = Release;
		};
		626C42872564877900D68F4E /* Build configuration list for PBXNativeTarget "teste (iOS)" */ = {
			isa = XCConfigurationList;
			buildConfigurations = (
				626C42882564877900D68F4E /* Debug */,
				626C42892564877900D68F4E /* Release */,
			);
			defaultConfigurationIsVisible = 0;
			defaultConfigurationName = Release;
		};
		626C428A2564877900D68F4E /* Build configuration list for PBXNativeTarget "teste (macOS)" */ = {
			isa = XCConfigurationList;
			buildConfigurations = (
				626C428B2564877900D68F4E /* Debug */,
				626C428C2564877900D68F4E /* Release */,
			);
			defaultConfigurationIsVisible = 0;
			defaultConfigurationName = Release;
		};
		626C428D2564877900D68F4E /* Build configuration list for PBXNativeTarget "Tests iOS" */ = {
			isa = XCConfigurationList;
			buildConfigurations = (
				626C428E2564877900D68F4E /* Debug */,
				626C428F2564877900D68F4E /* Release */,
			);
			defaultConfigurationIsVisible = 0;
			defaultConfigurationName = Release;
		};
		626C42902564877900D68F4E /* Build configuration list for PBXNativeTarget "Tests macOS" */ = {
			isa = XCConfigurationList;
			buildConfigurations = (
				626C42912564877900D68F4E /* Debug */,
				626C42922564877900D68F4E /* Release */,
			);
			defaultConfigurationIsVisible = 0;
			defaultConfigurationName = Release;
		};
/* End XCConfigurationList section */
	};
	rootObject = 626C42512564877600D68F4E /* Project object */;
}
